
Microsoft Visual Studio Solution File, Format Version 12.00
# Visual Studio Version 17
VisualStudioVersion = 17.7.34031.279
MinimumVisualStudioVersion = 10.0.40219.1
Project("{FAE04EC0-301F-11D3-BF4B-00C04F79EFBC}") = "Practice13", "Practice13\Practice13.csproj", "{688D68FD-9318-4692-812B-861FC79AA55D}"
EndProject
Global
	GlobalSection(SolutionConfigurationPlatforms) = preSolution
		Debug|Any CPU = Debug|Any CPU
		Release|Any CPU = Release|Any CPU
	EndGlobalSection
	GlobalSection(ProjectConfigurationPlatforms) = postSolution
		{688D68FD-9318-4692-812B-861FC79AA55D}.Debug|Any CPU.ActiveCfg = Debug|Any CPU
		{688D68FD-9318-4692-812B-861FC79AA55D}.Debug|Any CPU.Build.0 = Debug|Any CPU
		{688D68FD-9318-4692-812B-861FC79AA55D}.Release|Any CPU.ActiveCfg = Release|Any CPU
		{688D68FD-9318-4692-812B-861FC79AA55D}.Release|Any CPU.Build.0 = Release|Any CPU
	EndGlobalSection
	GlobalSection(SolutionProperties) = preSolution
		HideSolutionNode = FALSE
	EndGlobalSection
	GlobalSection(ExtensibilityGlobals) = postSolution
		SolutionGuid = {F2EDA9EC-0878-4CB0-A506-126F99280D10}
	EndGlobalSection
EndGlobal
